
Microsoft Visual Studio Solution File, Format Version 12.00
# Visual Studio Version 17
VisualStudioVersion = 17.1.32210.238
MinimumVisualStudioVersion = 10.0.40219.1
Project("{FAE04EC0-301F-11D3-BF4B-00C04F79EFBC}") = "CryptoGambling.Web", "CryptoGambling.Web\CryptoGambling.Web.csproj", "{B95760F8-7CAB-4939-9C6E-37DE8A85F720}"
EndProject
Project("{FAE04EC0-301F-11D3-BF4B-00C04F79EFBC}") = "CryptoGambling.Core", "CryptoGambling.Core\CryptoGambling.Core.csproj", "{1A01B385-AC40-4F7E-B35C-0EA43928D524}"
EndProject
Project("{FAE04EC0-301F-11D3-BF4B-00C04F79EFBC}") = "Test", "Test\Test.csproj", "{08E46956-525B-4E33-B3CF-DF91FB6DF73F}"
EndProject
Project("{FAE04EC0-301F-11D3-BF4B-00C04F79EFBC}") = "ManualTesting", "ManualTesting\ManualTesting.csproj", "{69D07732-F740-439B-AF55-B3B33DD47485}"
EndProject
Project("{FAE04EC0-301F-11D3-BF4B-00C04F79EFBC}") = "CryptoGambling.Crypto.ExtApi", "CryptoGambling.Crypto.ExtApi\CryptoGambling.Crypto.ExtApi.csproj", "{8E9F9C31-B9DC-4030-B4FC-E889A38ACA95}"
EndProject
Project("{FAE04EC0-301F-11D3-BF4B-00C04F79EFBC}") = "CryptoGambling.Crypto.Wallet", "CryptoGambling.Crypto.Wallet\CryptoGambling.Crypto.Wallet.csproj", "{EF160470-D40E-4747-888E-48D13D0CCF78}"
EndProject
Project("{FAE04EC0-301F-11D3-BF4B-00C04F79EFBC}") = "CryptoGambling.Data", "CryptoGambling.Data\CryptoGambling.Data.csproj", "{8553D8FC-36B6-4C47-8BF9-57F1C1B90750}"
EndProject
Global
	GlobalSection(SolutionConfigurationPlatforms) = preSolution
		Debug|Any CPU = Debug|Any CPU
		Release|Any CPU = Release|Any CPU
	EndGlobalSection
	GlobalSection(ProjectConfigurationPlatforms) = postSolution
		{B95760F8-7CAB-4939-9C6E-37DE8A85F720}.Debug|Any CPU.ActiveCfg = Debug|Any CPU
		{B95760F8-7CAB-4939-9C6E-37DE8A85F720}.Debug|Any CPU.Build.0 = Debug|Any CPU
		{B95760F8-7CAB-4939-9C6E-37DE8A85F720}.Release|Any CPU.ActiveCfg = Release|Any CPU
		{B95760F8-7CAB-4939-9C6E-37DE8A85F720}.Release|Any CPU.Build.0 = Release|Any CPU
		{1A01B385-AC40-4F7E-B35C-0EA43928D524}.Debug|Any CPU.ActiveCfg = Debug|Any CPU
		{1A01B385-AC40-4F7E-B35C-0EA43928D524}.Debug|Any CPU.Build.0 = Debug|Any CPU
		{1A01B385-AC40-4F7E-B35C-0EA43928D524}.Release|Any CPU.ActiveCfg = Release|Any CPU
		{1A01B385-AC40-4F7E-B35C-0EA43928D524}.Release|Any CPU.Build.0 = Release|Any CPU
		{08E46956-525B-4E33-B3CF-DF91FB6DF73F}.Debug|Any CPU.ActiveCfg = Debug|Any CPU
		{08E46956-525B-4E33-B3CF-DF91FB6DF73F}.Debug|Any CPU.Build.0 = Debug|Any CPU
		{08E46956-525B-4E33-B3CF-DF91FB6DF73F}.Release|Any CPU.ActiveCfg = Release|Any CPU
		{08E46956-525B-4E33-B3CF-DF91FB6DF73F}.Release|Any CPU.Build.0 = Release|Any CPU
		{69D07732-F740-439B-AF55-B3B33DD47485}.Debug|Any CPU.ActiveCfg = Debug|Any CPU
		{69D07732-F740-439B-AF55-B3B33DD47485}.Debug|Any CPU.Build.0 = Debug|Any CPU
		{69D07732-F740-439B-AF55-B3B33DD47485}.Release|Any CPU.ActiveCfg = Release|Any CPU
		{69D07732-F740-439B-AF55-B3B33DD47485}.Release|Any CPU.Build.0 = Release|Any CPU
		{8E9F9C31-B9DC-4030-B4FC-E889A38ACA95}.Debug|Any CPU.ActiveCfg = Debug|Any CPU
		{8E9F9C31-B9DC-4030-B4FC-E889A38ACA95}.Debug|Any CPU.Build.0 = Debug|Any CPU
		{8E9F9C31-B9DC-4030-B4FC-E889A38ACA95}.Release|Any CPU.ActiveCfg = Release|Any CPU
		{8E9F9C31-B9DC-4030-B4FC-E889A38ACA95}.Release|Any CPU.Build.0 = Release|Any CPU
		{EF160470-D40E-4747-888E-48D13D0CCF78}.Debug|Any CPU.ActiveCfg = Debug|Any CPU
		{EF160470-D40E-4747-888E-48D13D0CCF78}.Debug|Any CPU.Build.0 = Debug|Any CPU
		{EF160470-D40E-4747-888E-48D13D0CCF78}.Release|Any CPU.ActiveCfg = Release|Any CPU
		{EF160470-D40E-4747-888E-48D13D0CCF78}.Release|Any CPU.Build.0 = Release|Any CPU
		{8553D8FC-36B6-4C47-8BF9-57F1C1B90750}.Debug|Any CPU.ActiveCfg = Debug|Any CPU
		{8553D8FC-36B6-4C47-8BF9-57F1C1B90750}.Debug|Any CPU.Build.0 = Debug|Any CPU
		{8553D8FC-36B6-4C47-8BF9-57F1C1B90750}.Release|Any CPU.ActiveCfg = Release|Any CPU
		{8553D8FC-36B6-4C47-8BF9-57F1C1B90750}.Release|Any CPU.Build.0 = Release|Any CPU
	EndGlobalSection
	GlobalSection(SolutionProperties) = preSolution
		HideSolutionNode = FALSE
	EndGlobalSection
	GlobalSection(ExtensibilityGlobals) = postSolution
		SolutionGuid = {BBF8314C-568B-451F-B4C9-7D3948D4C2D5}
	EndGlobalSection
EndGlobal
